
Microsoft Visual Studio Solution File, Format Version 12.00
# Visual Studio Version 16
VisualStudioVersion = 16.0.28714.193
MinimumVisualStudioVersion = 10.0.40219.1
Project("{2150E333-8FDC-42A3-9474-1A3956D46DE8}") = "src", "src", "{AC1D4565-7AF5-470F-AC01-6821B26D8870}"
EndProject
Project("{2150E333-8FDC-42A3-9474-1A3956D46DE8}") = "samples", "samples", "{91AC3A58-8BCF-4A41-A97E-EABBFA8A2B3C}"
EndProject
Project("{2150E333-8FDC-42A3-9474-1A3956D46DE8}") = "Solution Items", "Solution Items", "{12795C11-C362-4C4E-BE30-89FA6F09190E}"
	ProjectSection(SolutionItems) = preProject
		README.md = README.md
	EndProjectSection
EndProject
Project("{2150E333-8FDC-42A3-9474-1A3956D46DE8}") = "Extensions", "Extensions", "{3EFB6087-819B-422C-A5A2-C9C8CEF2CCC5}"
EndProject
Project("{2150E333-8FDC-42A3-9474-1A3956D46DE8}") = "BlazorDemo", "BlazorDemo", "{333D9B66-5808-4345-AEDA-C07AEC278794}"
EndProject
Project("{9A19103F-16F7-4668-BE54-9A1E7A4F7556}") = "BlazorDemo.Client", "samples\BlazorDemo\Client\BlazorDemo.Client.csproj", "{FA9F609A-DC92-4814-8E96-EA3B606F1AE8}"
EndProject
Project("{9A19103F-16F7-4668-BE54-9A1E7A4F7556}") = "BlazorDemo.Server", "samples\BlazorDemo\Server\BlazorDemo.Server.csproj", "{BCC6E1C3-4C6A-4997-8480-EAAC3B65E812}"
EndProject
Project("{9A19103F-16F7-4668-BE54-9A1E7A4F7556}") = "BlazorDemo.Shared", "samples\BlazorDemo\Shared\BlazorDemo.Shared.csproj", "{479E7CD6-8133-4E17-B621-357AAA76CDC3}"
EndProject
Project("{9A19103F-16F7-4668-BE54-9A1E7A4F7556}") = "DCBlazor.LocalStorage", "src\Extensions\DCBlazor.LocalStorage\DCBlazor.Storage.csproj", "{E4960B50-10FF-4B5F-A785-5D9125DFACA9}"
EndProject
Project("{9A19103F-16F7-4668-BE54-9A1E7A4F7556}") = "DCBlazor", "src\DCBlazor\DCBlazor.csproj", "{A87348D9-3058-43FB-8B3B-B43D4AC6A743}"
EndProject
Project("{9A19103F-16F7-4668-BE54-9A1E7A4F7556}") = "DCBlazor.LayUI", "src\DCBlazor.LayUI\DCBlazor.LayUI.csproj", "{7195F014-B209-4A9F-B8F5-CF63FED5256E}"
EndProject
Global
	GlobalSection(SolutionConfigurationPlatforms) = preSolution
		Debug|Any CPU = Debug|Any CPU
		Release|Any CPU = Release|Any CPU
	EndGlobalSection
	GlobalSection(ProjectConfigurationPlatforms) = postSolution
		{FA9F609A-DC92-4814-8E96-EA3B606F1AE8}.Debug|Any CPU.ActiveCfg = Debug|Any CPU
		{FA9F609A-DC92-4814-8E96-EA3B606F1AE8}.Debug|Any CPU.Build.0 = Debug|Any CPU
		{FA9F609A-DC92-4814-8E96-EA3B606F1AE8}.Release|Any CPU.ActiveCfg = Release|Any CPU
		{FA9F609A-DC92-4814-8E96-EA3B606F1AE8}.Release|Any CPU.Build.0 = Release|Any CPU
		{BCC6E1C3-4C6A-4997-8480-EAAC3B65E812}.Debug|Any CPU.ActiveCfg = Debug|Any CPU
		{BCC6E1C3-4C6A-4997-8480-EAAC3B65E812}.Debug|Any CPU.Build.0 = Debug|Any CPU
		{BCC6E1C3-4C6A-4997-8480-EAAC3B65E812}.Release|Any CPU.ActiveCfg = Release|Any CPU
		{BCC6E1C3-4C6A-4997-8480-EAAC3B65E812}.Release|Any CPU.Build.0 = Release|Any CPU
		{479E7CD6-8133-4E17-B621-357AAA76CDC3}.Debug|Any CPU.ActiveCfg = Debug|Any CPU
		{479E7CD6-8133-4E17-B621-357AAA76CDC3}.Debug|Any CPU.Build.0 = Debug|Any CPU
		{479E7CD6-8133-4E17-B621-357AAA76CDC3}.Release|Any CPU.ActiveCfg = Release|Any CPU
		{479E7CD6-8133-4E17-B621-357AAA76CDC3}.Release|Any CPU.Build.0 = Release|Any CPU
		{E4960B50-10FF-4B5F-A785-5D9125DFACA9}.Debug|Any CPU.ActiveCfg = Debug|Any CPU
		{E4960B50-10FF-4B5F-A785-5D9125DFACA9}.Debug|Any CPU.Build.0 = Debug|Any CPU
		{E4960B50-10FF-4B5F-A785-5D9125DFACA9}.Release|Any CPU.ActiveCfg = Release|Any CPU
		{E4960B50-10FF-4B5F-A785-5D9125DFACA9}.Release|Any CPU.Build.0 = Release|Any CPU
		{A87348D9-3058-43FB-8B3B-B43D4AC6A743}.Debug|Any CPU.ActiveCfg = Debug|Any CPU
		{A87348D9-3058-43FB-8B3B-B43D4AC6A743}.Debug|Any CPU.Build.0 = Debug|Any CPU
		{A87348D9-3058-43FB-8B3B-B43D4AC6A743}.Release|Any CPU.ActiveCfg = Release|Any CPU
		{A87348D9-3058-43FB-8B3B-B43D4AC6A743}.Release|Any CPU.Build.0 = Release|Any CPU
		{7195F014-B209-4A9F-B8F5-CF63FED5256E}.Debug|Any CPU.ActiveCfg = Debug|Any CPU
		{7195F014-B209-4A9F-B8F5-CF63FED5256E}.Debug|Any CPU.Build.0 = Debug|Any CPU
		{7195F014-B209-4A9F-B8F5-CF63FED5256E}.Release|Any CPU.ActiveCfg = Release|Any CPU
		{7195F014-B209-4A9F-B8F5-CF63FED5256E}.Release|Any CPU.Build.0 = Release|Any CPU
	EndGlobalSection
	GlobalSection(SolutionProperties) = preSolution
		HideSolutionNode = FALSE
	EndGlobalSection
	GlobalSection(NestedProjects) = preSolution
		{3EFB6087-819B-422C-A5A2-C9C8CEF2CCC5} = {AC1D4565-7AF5-470F-AC01-6821B26D8870}
		{333D9B66-5808-4345-AEDA-C07AEC278794} = {91AC3A58-8BCF-4A41-A97E-EABBFA8A2B3C}
		{FA9F609A-DC92-4814-8E96-EA3B606F1AE8} = {333D9B66-5808-4345-AEDA-C07AEC278794}
		{BCC6E1C3-4C6A-4997-8480-EAAC3B65E812} = {333D9B66-5808-4345-AEDA-C07AEC278794}
		{479E7CD6-8133-4E17-B621-357AAA76CDC3} = {333D9B66-5808-4345-AEDA-C07AEC278794}
		{E4960B50-10FF-4B5F-A785-5D9125DFACA9} = {3EFB6087-819B-422C-A5A2-C9C8CEF2CCC5}
		{A87348D9-3058-43FB-8B3B-B43D4AC6A743} = {AC1D4565-7AF5-470F-AC01-6821B26D8870}
		{7195F014-B209-4A9F-B8F5-CF63FED5256E} = {AC1D4565-7AF5-470F-AC01-6821B26D8870}
	EndGlobalSection
	GlobalSection(ExtensibilityGlobals) = postSolution
		SolutionGuid = {D3A1978C-8396-4E88-93CA-329D2365BFC1}
	EndGlobalSection
EndGlobal
