
Microsoft Visual Studio Solution File, Format Version 12.00
# Visual Studio Version 16
VisualStudioVersion = 16.0.28714.193
MinimumVisualStudioVersion = 10.0.40219.1
Project("{2150E333-8FDC-42A3-9474-1A3956D46DE8}") = "src", "src", "{AC1D4565-7AF5-470F-AC01-6821B26D8870}"
EndProject
Project("{2150E333-8FDC-42A3-9474-1A3956D46DE8}") = "samples", "samples", "{91AC3A58-8BCF-4A41-A97E-EABBFA8A2B3C}"
EndProject
Project("{9A19103F-16F7-4668-BE54-9A1E7A4F7556}") = "Blazor.Client", "samples\Blazor.Client\Blazor.Client.csproj", "{3AE6E879-9F0E-40C6-AE3D-2276BB3792BB}"
EndProject
Project("{9A19103F-16F7-4668-BE54-9A1E7A4F7556}") = "Blazor.Shared", "samples\Blazor.Shared\Blazor.Shared.csproj", "{C874E7FD-5C0E-458E-871B-912CE98C6C63}"
EndProject
Project("{9A19103F-16F7-4668-BE54-9A1E7A4F7556}") = "Blazor.Server", "samples\Blazor.Server\Blazor.Server.csproj", "{8764DFC9-B8C3-4844-BB8E-7F158C12F0E6}"
EndProject
Project("{2150E333-8FDC-42A3-9474-1A3956D46DE8}") = "Solution Items", "Solution Items", "{12795C11-C362-4C4E-BE30-89FA6F09190E}"
	ProjectSection(SolutionItems) = preProject
		README.md = README.md
	EndProjectSection
EndProject
Project("{9A19103F-16F7-4668-BE54-9A1E7A4F7556}") = "DBlazor.Toast", "src\Extensions\DBlazor.Toast\DBlazor.Toast.csproj", "{08B81C2E-BB07-4E54-AA1F-5314F7051BBE}"
EndProject
Project("{9A19103F-16F7-4668-BE54-9A1E7A4F7556}") = "DBlazor.Localisation", "src\Extensions\DBlazor.Localisation\DBlazor.Localisation.csproj", "{88724EFC-DA29-48C7-9B5F-6DD3E0FB06FC}"
EndProject
Project("{9A19103F-16F7-4668-BE54-9A1E7A4F7556}") = "DBlazor.LoadingBar", "src\Extensions\DBlazor.LoadingBar\DBlazor.LoadingBar.csproj", "{60F9528E-259D-4215-B7DE-BD49764F848A}"
EndProject
Project("{9A19103F-16F7-4668-BE54-9A1E7A4F7556}") = "DBlazor.HttpClientInterceptor", "src\Extensions\DBlazor.HttpClientInterceptor\DBlazor.HttpClientInterceptor.csproj", "{59D7C5C9-3299-45DD-AD8F-202E573AC653}"
EndProject
Project("{9A19103F-16F7-4668-BE54-9A1E7A4F7556}") = "DBlazor.Storage", "src\Extensions\DBlazor.Storage\DBlazor.Storage.csproj", "{AECC7236-2E84-4CEA-8379-1E1DD9C4E9FE}"
EndProject
Project("{2150E333-8FDC-42A3-9474-1A3956D46DE8}") = "default", "default", "{35C933D0-CA57-48C4-8510-695DAB4C9270}"
EndProject
Project("{9A19103F-16F7-4668-BE54-9A1E7A4F7556}") = "DBlazor.Menu", "src\Extensions\DBlazor.Menu\DBlazor.Menu.csproj", "{8B8F478A-A396-4E8B-94B3-96FC520E9D4C}"
EndProject
Project("{9A19103F-16F7-4668-BE54-9A1E7A4F7556}") = "DBlazor.DModal", "src\Extensions\DBlazor.DModal\DBlazor.DModal.csproj", "{355FF94E-2E43-49AC-8782-AFEE5BAD6937}"
EndProject
Project("{2150E333-8FDC-42A3-9474-1A3956D46DE8}") = "Extensions", "Extensions", "{3EFB6087-819B-422C-A5A2-C9C8CEF2CCC5}"
EndProject
Project("{9A19103F-16F7-4668-BE54-9A1E7A4F7556}") = "DBlazor", "src\DBlazor\DBlazor.csproj", "{4BB52FF5-CCBC-42FE-AA41-91587C6C5065}"
EndProject
Project("{9A19103F-16F7-4668-BE54-9A1E7A4F7556}") = "DBlazor.BootStrap", "src\DBlazor.BootStrap\DBlazor.BootStrap.csproj", "{86C6289A-FAE0-4ABC-9BB1-998416DC5257}"
EndProject
Project("{9A19103F-16F7-4668-BE54-9A1E7A4F7556}") = "DBlazor.Bulma", "src\DBlazor.Bulma\DBlazor.Bulma.csproj", "{4CEDAFCC-050E-4689-AC10-D500D1C8002C}"
EndProject
Project("{9A19103F-16F7-4668-BE54-9A1E7A4F7556}") = "DBlazor.LayUI", "src\DBlazor.LayUI\DBlazor.LayUI.csproj", "{D529CDC4-433D-4A5E-9DC2-F52FAD51211A}"
EndProject
Project("{9A19103F-16F7-4668-BE54-9A1E7A4F7556}") = "DBlazor.Material", "src\DBlazor.Material\DBlazor.Material.csproj", "{2350078D-0CB4-46E3-8C2F-1F4C723DF850}"
EndProject
Project("{9A19103F-16F7-4668-BE54-9A1E7A4F7556}") = "DBlazor.Icons.FontAwesome", "src\Extensions\DBlazor.Icons.FontAwesome\DBlazor.Icons.FontAwesome.csproj", "{5C5B5BC9-FF79-4B30-9F1B-6871CF35CCEB}"
EndProject
Project("{9A19103F-16F7-4668-BE54-9A1E7A4F7556}") = "DBlazor.Charts", "src\Extensions\DBlazor.Charts\DBlazor.Charts.csproj", "{4956A2E9-2BAA-457A-84AE-DAE50D61C19D}"
EndProject
Project("{9A19103F-16F7-4668-BE54-9A1E7A4F7556}") = "DBlazor.Icons.Material", "src\Extensions\DBlazor.Icons.Material\DBlazor.Icons.Material.csproj", "{4D0FD5D9-99FA-41C0-9FA0-ECA10D53A395}"
EndProject
Project("{9A19103F-16F7-4668-BE54-9A1E7A4F7556}") = "DBlazor.SideBar", "src\Extensions\DBlazor.SideBar\DBlazor.SideBar.csproj", "{8CED49EC-1FB4-4B06-BD85-1F5C59B86B57}"
EndProject
Project("{9A19103F-16F7-4668-BE54-9A1E7A4F7556}") = "DBlazor.SnackBar", "src\Extensions\DBlazor.SnackBar\DBlazor.SnackBar.csproj", "{21AF4316-7B6D-49C5-BCD4-562F46406E7D}"
EndProject
Global
	GlobalSection(SolutionConfigurationPlatforms) = preSolution
		Debug|Any CPU = Debug|Any CPU
		Release|Any CPU = Release|Any CPU
	EndGlobalSection
	GlobalSection(ProjectConfigurationPlatforms) = postSolution
		{3AE6E879-9F0E-40C6-AE3D-2276BB3792BB}.Debug|Any CPU.ActiveCfg = Debug|Any CPU
		{3AE6E879-9F0E-40C6-AE3D-2276BB3792BB}.Debug|Any CPU.Build.0 = Debug|Any CPU
		{3AE6E879-9F0E-40C6-AE3D-2276BB3792BB}.Release|Any CPU.ActiveCfg = Release|Any CPU
		{3AE6E879-9F0E-40C6-AE3D-2276BB3792BB}.Release|Any CPU.Build.0 = Release|Any CPU
		{C874E7FD-5C0E-458E-871B-912CE98C6C63}.Debug|Any CPU.ActiveCfg = Debug|Any CPU
		{C874E7FD-5C0E-458E-871B-912CE98C6C63}.Debug|Any CPU.Build.0 = Debug|Any CPU
		{C874E7FD-5C0E-458E-871B-912CE98C6C63}.Release|Any CPU.ActiveCfg = Release|Any CPU
		{C874E7FD-5C0E-458E-871B-912CE98C6C63}.Release|Any CPU.Build.0 = Release|Any CPU
		{8764DFC9-B8C3-4844-BB8E-7F158C12F0E6}.Debug|Any CPU.ActiveCfg = Debug|Any CPU
		{8764DFC9-B8C3-4844-BB8E-7F158C12F0E6}.Debug|Any CPU.Build.0 = Debug|Any CPU
		{8764DFC9-B8C3-4844-BB8E-7F158C12F0E6}.Release|Any CPU.ActiveCfg = Release|Any CPU
		{8764DFC9-B8C3-4844-BB8E-7F158C12F0E6}.Release|Any CPU.Build.0 = Release|Any CPU
		{08B81C2E-BB07-4E54-AA1F-5314F7051BBE}.Debug|Any CPU.ActiveCfg = Debug|Any CPU
		{08B81C2E-BB07-4E54-AA1F-5314F7051BBE}.Debug|Any CPU.Build.0 = Debug|Any CPU
		{08B81C2E-BB07-4E54-AA1F-5314F7051BBE}.Release|Any CPU.ActiveCfg = Release|Any CPU
		{08B81C2E-BB07-4E54-AA1F-5314F7051BBE}.Release|Any CPU.Build.0 = Release|Any CPU
		{88724EFC-DA29-48C7-9B5F-6DD3E0FB06FC}.Debug|Any CPU.ActiveCfg = Debug|Any CPU
		{88724EFC-DA29-48C7-9B5F-6DD3E0FB06FC}.Debug|Any CPU.Build.0 = Debug|Any CPU
		{88724EFC-DA29-48C7-9B5F-6DD3E0FB06FC}.Release|Any CPU.ActiveCfg = Release|Any CPU
		{88724EFC-DA29-48C7-9B5F-6DD3E0FB06FC}.Release|Any CPU.Build.0 = Release|Any CPU
		{60F9528E-259D-4215-B7DE-BD49764F848A}.Debug|Any CPU.ActiveCfg = Debug|Any CPU
		{60F9528E-259D-4215-B7DE-BD49764F848A}.Debug|Any CPU.Build.0 = Debug|Any CPU
		{60F9528E-259D-4215-B7DE-BD49764F848A}.Release|Any CPU.ActiveCfg = Release|Any CPU
		{60F9528E-259D-4215-B7DE-BD49764F848A}.Release|Any CPU.Build.0 = Release|Any CPU
		{59D7C5C9-3299-45DD-AD8F-202E573AC653}.Debug|Any CPU.ActiveCfg = Debug|Any CPU
		{59D7C5C9-3299-45DD-AD8F-202E573AC653}.Debug|Any CPU.Build.0 = Debug|Any CPU
		{59D7C5C9-3299-45DD-AD8F-202E573AC653}.Release|Any CPU.ActiveCfg = Release|Any CPU
		{59D7C5C9-3299-45DD-AD8F-202E573AC653}.Release|Any CPU.Build.0 = Release|Any CPU
		{AECC7236-2E84-4CEA-8379-1E1DD9C4E9FE}.Debug|Any CPU.ActiveCfg = Debug|Any CPU
		{AECC7236-2E84-4CEA-8379-1E1DD9C4E9FE}.Debug|Any CPU.Build.0 = Debug|Any CPU
		{AECC7236-2E84-4CEA-8379-1E1DD9C4E9FE}.Release|Any CPU.ActiveCfg = Release|Any CPU
		{AECC7236-2E84-4CEA-8379-1E1DD9C4E9FE}.Release|Any CPU.Build.0 = Release|Any CPU
		{8B8F478A-A396-4E8B-94B3-96FC520E9D4C}.Debug|Any CPU.ActiveCfg = Debug|Any CPU
		{8B8F478A-A396-4E8B-94B3-96FC520E9D4C}.Debug|Any CPU.Build.0 = Debug|Any CPU
		{8B8F478A-A396-4E8B-94B3-96FC520E9D4C}.Release|Any CPU.ActiveCfg = Release|Any CPU
		{8B8F478A-A396-4E8B-94B3-96FC520E9D4C}.Release|Any CPU.Build.0 = Release|Any CPU
		{355FF94E-2E43-49AC-8782-AFEE5BAD6937}.Debug|Any CPU.ActiveCfg = Debug|Any CPU
		{355FF94E-2E43-49AC-8782-AFEE5BAD6937}.Debug|Any CPU.Build.0 = Debug|Any CPU
		{355FF94E-2E43-49AC-8782-AFEE5BAD6937}.Release|Any CPU.ActiveCfg = Release|Any CPU
		{355FF94E-2E43-49AC-8782-AFEE5BAD6937}.Release|Any CPU.Build.0 = Release|Any CPU
		{4BB52FF5-CCBC-42FE-AA41-91587C6C5065}.Debug|Any CPU.ActiveCfg = Debug|Any CPU
		{4BB52FF5-CCBC-42FE-AA41-91587C6C5065}.Debug|Any CPU.Build.0 = Debug|Any CPU
		{4BB52FF5-CCBC-42FE-AA41-91587C6C5065}.Release|Any CPU.ActiveCfg = Release|Any CPU
		{4BB52FF5-CCBC-42FE-AA41-91587C6C5065}.Release|Any CPU.Build.0 = Release|Any CPU
		{86C6289A-FAE0-4ABC-9BB1-998416DC5257}.Debug|Any CPU.ActiveCfg = Debug|Any CPU
		{86C6289A-FAE0-4ABC-9BB1-998416DC5257}.Debug|Any CPU.Build.0 = Debug|Any CPU
		{86C6289A-FAE0-4ABC-9BB1-998416DC5257}.Release|Any CPU.ActiveCfg = Release|Any CPU
		{86C6289A-FAE0-4ABC-9BB1-998416DC5257}.Release|Any CPU.Build.0 = Release|Any CPU
		{4CEDAFCC-050E-4689-AC10-D500D1C8002C}.Debug|Any CPU.ActiveCfg = Debug|Any CPU
		{4CEDAFCC-050E-4689-AC10-D500D1C8002C}.Debug|Any CPU.Build.0 = Debug|Any CPU
		{4CEDAFCC-050E-4689-AC10-D500D1C8002C}.Release|Any CPU.ActiveCfg = Release|Any CPU
		{4CEDAFCC-050E-4689-AC10-D500D1C8002C}.Release|Any CPU.Build.0 = Release|Any CPU
		{D529CDC4-433D-4A5E-9DC2-F52FAD51211A}.Debug|Any CPU.ActiveCfg = Debug|Any CPU
		{D529CDC4-433D-4A5E-9DC2-F52FAD51211A}.Debug|Any CPU.Build.0 = Debug|Any CPU
		{D529CDC4-433D-4A5E-9DC2-F52FAD51211A}.Release|Any CPU.ActiveCfg = Release|Any CPU
		{D529CDC4-433D-4A5E-9DC2-F52FAD51211A}.Release|Any CPU.Build.0 = Release|Any CPU
		{2350078D-0CB4-46E3-8C2F-1F4C723DF850}.Debug|Any CPU.ActiveCfg = Debug|Any CPU
		{2350078D-0CB4-46E3-8C2F-1F4C723DF850}.Debug|Any CPU.Build.0 = Debug|Any CPU
		{2350078D-0CB4-46E3-8C2F-1F4C723DF850}.Release|Any CPU.ActiveCfg = Release|Any CPU
		{2350078D-0CB4-46E3-8C2F-1F4C723DF850}.Release|Any CPU.Build.0 = Release|Any CPU
		{5C5B5BC9-FF79-4B30-9F1B-6871CF35CCEB}.Debug|Any CPU.ActiveCfg = Debug|Any CPU
		{5C5B5BC9-FF79-4B30-9F1B-6871CF35CCEB}.Debug|Any CPU.Build.0 = Debug|Any CPU
		{5C5B5BC9-FF79-4B30-9F1B-6871CF35CCEB}.Release|Any CPU.ActiveCfg = Release|Any CPU
		{5C5B5BC9-FF79-4B30-9F1B-6871CF35CCEB}.Release|Any CPU.Build.0 = Release|Any CPU
		{4956A2E9-2BAA-457A-84AE-DAE50D61C19D}.Debug|Any CPU.ActiveCfg = Debug|Any CPU
		{4956A2E9-2BAA-457A-84AE-DAE50D61C19D}.Debug|Any CPU.Build.0 = Debug|Any CPU
		{4956A2E9-2BAA-457A-84AE-DAE50D61C19D}.Release|Any CPU.ActiveCfg = Release|Any CPU
		{4956A2E9-2BAA-457A-84AE-DAE50D61C19D}.Release|Any CPU.Build.0 = Release|Any CPU
		{4D0FD5D9-99FA-41C0-9FA0-ECA10D53A395}.Debug|Any CPU.ActiveCfg = Debug|Any CPU
		{4D0FD5D9-99FA-41C0-9FA0-ECA10D53A395}.Debug|Any CPU.Build.0 = Debug|Any CPU
		{4D0FD5D9-99FA-41C0-9FA0-ECA10D53A395}.Release|Any CPU.ActiveCfg = Release|Any CPU
		{4D0FD5D9-99FA-41C0-9FA0-ECA10D53A395}.Release|Any CPU.Build.0 = Release|Any CPU
		{8CED49EC-1FB4-4B06-BD85-1F5C59B86B57}.Debug|Any CPU.ActiveCfg = Debug|Any CPU
		{8CED49EC-1FB4-4B06-BD85-1F5C59B86B57}.Debug|Any CPU.Build.0 = Debug|Any CPU
		{8CED49EC-1FB4-4B06-BD85-1F5C59B86B57}.Release|Any CPU.ActiveCfg = Release|Any CPU
		{8CED49EC-1FB4-4B06-BD85-1F5C59B86B57}.Release|Any CPU.Build.0 = Release|Any CPU
		{21AF4316-7B6D-49C5-BCD4-562F46406E7D}.Debug|Any CPU.ActiveCfg = Debug|Any CPU
		{21AF4316-7B6D-49C5-BCD4-562F46406E7D}.Debug|Any CPU.Build.0 = Debug|Any CPU
		{21AF4316-7B6D-49C5-BCD4-562F46406E7D}.Release|Any CPU.ActiveCfg = Release|Any CPU
		{21AF4316-7B6D-49C5-BCD4-562F46406E7D}.Release|Any CPU.Build.0 = Release|Any CPU
	EndGlobalSection
	GlobalSection(SolutionProperties) = preSolution
		HideSolutionNode = FALSE
	EndGlobalSection
	GlobalSection(NestedProjects) = preSolution
		{3AE6E879-9F0E-40C6-AE3D-2276BB3792BB} = {35C933D0-CA57-48C4-8510-695DAB4C9270}
		{C874E7FD-5C0E-458E-871B-912CE98C6C63} = {35C933D0-CA57-48C4-8510-695DAB4C9270}
		{8764DFC9-B8C3-4844-BB8E-7F158C12F0E6} = {35C933D0-CA57-48C4-8510-695DAB4C9270}
		{08B81C2E-BB07-4E54-AA1F-5314F7051BBE} = {3EFB6087-819B-422C-A5A2-C9C8CEF2CCC5}
		{88724EFC-DA29-48C7-9B5F-6DD3E0FB06FC} = {3EFB6087-819B-422C-A5A2-C9C8CEF2CCC5}
		{60F9528E-259D-4215-B7DE-BD49764F848A} = {3EFB6087-819B-422C-A5A2-C9C8CEF2CCC5}
		{59D7C5C9-3299-45DD-AD8F-202E573AC653} = {3EFB6087-819B-422C-A5A2-C9C8CEF2CCC5}
		{AECC7236-2E84-4CEA-8379-1E1DD9C4E9FE} = {3EFB6087-819B-422C-A5A2-C9C8CEF2CCC5}
		{35C933D0-CA57-48C4-8510-695DAB4C9270} = {91AC3A58-8BCF-4A41-A97E-EABBFA8A2B3C}
		{8B8F478A-A396-4E8B-94B3-96FC520E9D4C} = {3EFB6087-819B-422C-A5A2-C9C8CEF2CCC5}
		{355FF94E-2E43-49AC-8782-AFEE5BAD6937} = {3EFB6087-819B-422C-A5A2-C9C8CEF2CCC5}
		{3EFB6087-819B-422C-A5A2-C9C8CEF2CCC5} = {AC1D4565-7AF5-470F-AC01-6821B26D8870}
		{4BB52FF5-CCBC-42FE-AA41-91587C6C5065} = {AC1D4565-7AF5-470F-AC01-6821B26D8870}
		{86C6289A-FAE0-4ABC-9BB1-998416DC5257} = {AC1D4565-7AF5-470F-AC01-6821B26D8870}
		{4CEDAFCC-050E-4689-AC10-D500D1C8002C} = {AC1D4565-7AF5-470F-AC01-6821B26D8870}
		{D529CDC4-433D-4A5E-9DC2-F52FAD51211A} = {AC1D4565-7AF5-470F-AC01-6821B26D8870}
		{2350078D-0CB4-46E3-8C2F-1F4C723DF850} = {AC1D4565-7AF5-470F-AC01-6821B26D8870}
		{5C5B5BC9-FF79-4B30-9F1B-6871CF35CCEB} = {3EFB6087-819B-422C-A5A2-C9C8CEF2CCC5}
		{4956A2E9-2BAA-457A-84AE-DAE50D61C19D} = {3EFB6087-819B-422C-A5A2-C9C8CEF2CCC5}
		{4D0FD5D9-99FA-41C0-9FA0-ECA10D53A395} = {3EFB6087-819B-422C-A5A2-C9C8CEF2CCC5}
		{8CED49EC-1FB4-4B06-BD85-1F5C59B86B57} = {3EFB6087-819B-422C-A5A2-C9C8CEF2CCC5}
		{21AF4316-7B6D-49C5-BCD4-562F46406E7D} = {3EFB6087-819B-422C-A5A2-C9C8CEF2CCC5}
	EndGlobalSection
	GlobalSection(ExtensibilityGlobals) = postSolution
		SolutionGuid = {D3A1978C-8396-4E88-93CA-329D2365BFC1}
	EndGlobalSection
EndGlobal
