
Microsoft Visual Studio Solution File, Format Version 12.00
# Visual Studio Version 16
VisualStudioVersion = 16.0.28714.193
MinimumVisualStudioVersion = 10.0.40219.1
Project("{9A19103F-16F7-4668-BE54-9A1E7A4F7556}") = "DC.LocalStorage", "src\DC.LocalStorage\DC.LocalStorage.csproj", "{2EC48F65-BBB4-4F8D-8954-AC655BE274F9}"
EndProject
Project("{2150E333-8FDC-42A3-9474-1A3956D46DE8}") = "src", "src", "{AC1D4565-7AF5-470F-AC01-6821B26D8870}"
EndProject
Project("{2150E333-8FDC-42A3-9474-1A3956D46DE8}") = "samples", "samples", "{91AC3A58-8BCF-4A41-A97E-EABBFA8A2B3C}"
EndProject
Project("{9A19103F-16F7-4668-BE54-9A1E7A4F7556}") = "Blazor.Client", "samples\Blazor.Client\Blazor.Client.csproj", "{3AE6E879-9F0E-40C6-AE3D-2276BB3792BB}"
EndProject
Project("{9A19103F-16F7-4668-BE54-9A1E7A4F7556}") = "Blazor.Shared", "samples\Blazor.Shared\Blazor.Shared.csproj", "{C874E7FD-5C0E-458E-871B-912CE98C6C63}"
EndProject
Project("{9A19103F-16F7-4668-BE54-9A1E7A4F7556}") = "Blazor.Server", "samples\Blazor.Server\Blazor.Server.csproj", "{8764DFC9-B8C3-4844-BB8E-7F158C12F0E6}"
EndProject
Global
	GlobalSection(SolutionConfigurationPlatforms) = preSolution
		Debug|Any CPU = Debug|Any CPU
		Release|Any CPU = Release|Any CPU
	EndGlobalSection
	GlobalSection(ProjectConfigurationPlatforms) = postSolution
		{2EC48F65-BBB4-4F8D-8954-AC655BE274F9}.Debug|Any CPU.ActiveCfg = Debug|Any CPU
		{2EC48F65-BBB4-4F8D-8954-AC655BE274F9}.Debug|Any CPU.Build.0 = Debug|Any CPU
		{2EC48F65-BBB4-4F8D-8954-AC655BE274F9}.Release|Any CPU.ActiveCfg = Release|Any CPU
		{2EC48F65-BBB4-4F8D-8954-AC655BE274F9}.Release|Any CPU.Build.0 = Release|Any CPU
		{3AE6E879-9F0E-40C6-AE3D-2276BB3792BB}.Debug|Any CPU.ActiveCfg = Debug|Any CPU
		{3AE6E879-9F0E-40C6-AE3D-2276BB3792BB}.Debug|Any CPU.Build.0 = Debug|Any CPU
		{3AE6E879-9F0E-40C6-AE3D-2276BB3792BB}.Release|Any CPU.ActiveCfg = Release|Any CPU
		{3AE6E879-9F0E-40C6-AE3D-2276BB3792BB}.Release|Any CPU.Build.0 = Release|Any CPU
		{C874E7FD-5C0E-458E-871B-912CE98C6C63}.Debug|Any CPU.ActiveCfg = Debug|Any CPU
		{C874E7FD-5C0E-458E-871B-912CE98C6C63}.Debug|Any CPU.Build.0 = Debug|Any CPU
		{C874E7FD-5C0E-458E-871B-912CE98C6C63}.Release|Any CPU.ActiveCfg = Release|Any CPU
		{C874E7FD-5C0E-458E-871B-912CE98C6C63}.Release|Any CPU.Build.0 = Release|Any CPU
		{8764DFC9-B8C3-4844-BB8E-7F158C12F0E6}.Debug|Any CPU.ActiveCfg = Debug|Any CPU
		{8764DFC9-B8C3-4844-BB8E-7F158C12F0E6}.Debug|Any CPU.Build.0 = Debug|Any CPU
		{8764DFC9-B8C3-4844-BB8E-7F158C12F0E6}.Release|Any CPU.ActiveCfg = Release|Any CPU
		{8764DFC9-B8C3-4844-BB8E-7F158C12F0E6}.Release|Any CPU.Build.0 = Release|Any CPU
	EndGlobalSection
	GlobalSection(SolutionProperties) = preSolution
		HideSolutionNode = FALSE
	EndGlobalSection
	GlobalSection(NestedProjects) = preSolution
		{2EC48F65-BBB4-4F8D-8954-AC655BE274F9} = {AC1D4565-7AF5-470F-AC01-6821B26D8870}
		{3AE6E879-9F0E-40C6-AE3D-2276BB3792BB} = {91AC3A58-8BCF-4A41-A97E-EABBFA8A2B3C}
		{C874E7FD-5C0E-458E-871B-912CE98C6C63} = {91AC3A58-8BCF-4A41-A97E-EABBFA8A2B3C}
		{8764DFC9-B8C3-4844-BB8E-7F158C12F0E6} = {91AC3A58-8BCF-4A41-A97E-EABBFA8A2B3C}
	EndGlobalSection
	GlobalSection(ExtensibilityGlobals) = postSolution
		SolutionGuid = {D3A1978C-8396-4E88-93CA-329D2365BFC1}
	EndGlobalSection
EndGlobal
